// !$*UTF8*$!
{
	archiveVersion = 1;
	classes = {
	};
	objectVersion = 46;
	objects = {

/* Begin PBXBuildFile section */
		9BF1068C1F6CAFBE001BDAD8 /* AppDelegate.swift in Sources */ = {isa = PBXBuildFile; fileRef = 9BF1068B1F6CAFBE001BDAD8 /* AppDelegate.swift */; };
		9BF1068E1F6CAFBE001BDAD8 /* ViewController.swift in Sources */ = {isa = PBXBuildFile; fileRef = 9BF1068D1F6CAFBE001BDAD8 /* ViewController.swift */; };
		9BF106911F6CAFBE001BDAD8 /* Main.storyboard in Resources */ = {isa = PBXBuildFile; fileRef = 9BF1068F1F6CAFBE001BDAD8 /* Main.storyboard */; };
		9BF106931F6CAFBE001BDAD8 /* Assets.xcassets in Resources */ = {isa = PBXBuildFile; fileRef = 9BF106921F6CAFBE001BDAD8 /* Assets.xcassets */; };
		9BF106961F6CAFBE001BDAD8 /* LaunchScreen.storyboard in Resources */ = {isa = PBXBuildFile; fileRef = 9BF106941F6CAFBE001BDAD8 /* LaunchScreen.storyboard */; };
		9BF106A11F6CAFBE001BDAD8 /* iosappTests.swift in Sources */ = {isa = PBXBuildFile; fileRef = 9BF106A01F6CAFBE001BDAD8 /* iosappTests.swift */; };
		9BF106AC1F6CAFBE001BDAD8 /* iosappUITests.swift in Sources */ = {isa = PBXBuildFile; fileRef = 9BF106AB1F6CAFBE001BDAD8 /* iosappUITests.swift */; };
/* End PBXBuildFile section */

/* Begin PBXContainerItemProxy section */
		9BF1069D1F6CAFBE001BDAD8 /* PBXContainerItemProxy */ = {
			isa = PBXContainerItemProxy;
			containerPortal = 9BF106801F6CAFBE001BDAD8 /* Project object */;
			proxyType = 1;
			remoteGlobalIDString = 9BF106871F6CAFBE001BDAD8;
			remoteInfo = iosapp;
		};
		9BF106A81F6CAFBE001BDAD8 /* PBXContainerItemProxy */ = {
			isa = PBXContainerItemProxy;
			containerPortal = 9BF106801F6CAFBE001BDAD8 /* Project object */;
			proxyType = 1;
			remoteGlobalIDString = 9BF106871F6CAFBE001BDAD8;
			remoteInfo = iosapp;
		};
/* End PBXContainerItemProxy section */

/* Begin PBXFileReference section */
		9BF106881F6CAFBE001BDAD8 /* iosapp.app */ = {isa = PBXFileReference; explicitFileType = wrapper.application; includeInIndex = 0; path = iosapp.app; sourceTree = BUILT_PRODUCTS_DIR; };
		9BF1068B1F6CAFBE001BDAD8 /* AppDelegate.swift */ = {isa = PBXFileReference; lastKnownFileType = sourcecode.swift; path = AppDelegate.swift; sourceTree = "<group>"; };
		9BF1068D1F6CAFBE001BDAD8 /* ViewController.swift */ = {isa = PBXFileReference; lastKnownFileType = sourcecode.swift; path = ViewController.swift; sourceTree = "<group>"; };
		9BF106901F6CAFBE001BDAD8 /* Base */ = {isa = PBXFileReference; lastKnownFileType = file.storyboard; name = Base; path = Base.lproj/Main.storyboard; sourceTree = "<group>"; };
		9BF106921F6CAFBE001BDAD8 /* Assets.xcassets */ = {isa = PBXFileReference; lastKnownFileType = folder.assetcatalog; path = Assets.xcassets; sourceTree = "<group>"; };
		9BF106951F6CAFBE001BDAD8 /* Base */ = {isa = PBXFileReference; lastKnownFileType = file.storyboard; name = Base; path = Base.lproj/LaunchScreen.storyboard; sourceTree = "<group>"; };
		9BF106971F6CAFBE001BDAD8 /* Info.plist */ = {isa = PBXFileReference; lastKnownFileType = text.plist.xml; path = Info.plist; sourceTree = "<group>"; };
		9BF1069C1F6CAFBE001BDAD8 /* iosappTests.xctest */ = {isa = PBXFileReference; explicitFileType = wrapper.cfbundle; includeInIndex = 0; path = iosappTests.xctest; sourceTree = BUILT_PRODUCTS_DIR; };
		9BF106A01F6CAFBE001BDAD8 /* iosappTests.swift */ = {isa = PBXFileReference; lastKnownFileType = sourcecode.swift; path = iosappTests.swift; sourceTree = "<group>"; };
		9BF106A21F6CAFBE001BDAD8 /* Info.plist */ = {isa = PBXFileReference; lastKnownFileType = text.plist.xml; path = Info.plist; sourceTree = "<group>"; };
		9BF106A71F6CAFBE001BDAD8 /* iosappUITests.xctest */ = {isa = PBXFileReference; explicitFileType = wrapper.cfbundle; includeInIndex = 0; path = iosappUITests.xctest; sourceTree = BUILT_PRODUCTS_DIR; };
		9BF106AB1F6CAFBE001BDAD8 /* iosappUITests.swift */ = {isa = PBXFileReference; lastKnownFileType = sourcecode.swift; path = iosappUITests.swift; sourceTree = "<group>"; };
		9BF106AD1F6CAFBE001BDAD8 /* Info.plist */ = {isa = PBXFileReference; lastKnownFileType = text.plist.xml; path = Info.plist; sourceTree = "<group>"; };
/* End PBXFileReference section */

/* Begin PBXFrameworksBuildPhase section */
		9BF106851F6CAFBE001BDAD8 /* Frameworks */ = {
			isa = PBXFrameworksBuildPhase;
			buildActionMask = 2147483647;
			files = (
			);
			runOnlyForDeploymentPostprocessing = 0;
		};
		9BF106991F6CAFBE001BDAD8 /* Frameworks */ = {
			isa = PBXFrameworksBuildPhase;
			buildActionMask = 2147483647;
			files = (
			);
			runOnlyForDeploymentPostprocessing = 0;
		};
		9BF106A41F6CAFBE001BDAD8 /* Frameworks */ = {
			isa = PBXFrameworksBuildPhase;
			buildActionMask = 2147483647;
			files = (
			);
			runOnlyForDeploymentPostprocessing = 0;
		};
/* End PBXFrameworksBuildPhase section */

/* Begin PBXGroup section */
		9BF1067F1F6CAFBD001BDAD8 = {
			isa = PBXGroup;
			children = (
				9BF1068A1F6CAFBE001BDAD8 /* iosapp */,
				9BF1069F1F6CAFBE001BDAD8 /* iosappTests */,
				9BF106AA1F6CAFBE001BDAD8 /* iosappUITests */,
				9BF106891F6CAFBE001BDAD8 /* Products */,
			);
			sourceTree = "<group>";
		};
		9BF106891F6CAFBE001BDAD8 /* Products */ = {
			isa = PBXGroup;
			children = (
				9BF106881F6CAFBE001BDAD8 /* iosapp.app */,
				9BF1069C1F6CAFBE001BDAD8 /* iosappTests.xctest */,
				9BF106A71F6CAFBE001BDAD8 /* iosappUITests.xctest */,
			);
			name = Products;
			sourceTree = "<group>";
		};
		9BF1068A1F6CAFBE001BDAD8 /* iosapp */ = {
			isa = PBXGroup;
			children = (
				9BF1068B1F6CAFBE001BDAD8 /* AppDelegate.swift */,
				9BF1068D1F6CAFBE001BDAD8 /* ViewController.swift */,
				9BF1068F1F6CAFBE001BDAD8 /* Main.storyboard */,
				9BF106921F6CAFBE001BDAD8 /* Assets.xcassets */,
				9BF106941F6CAFBE001BDAD8 /* LaunchScreen.storyboard */,
				9BF106971F6CAFBE001BDAD8 /* Info.plist */,
			);
			path = iosapp;
			sourceTree = "<group>";
		};
		9BF1069F1F6CAFBE001BDAD8 /* iosappTests */ = {
			isa = PBXGroup;
			children = (
				9BF106A01F6CAFBE001BDAD8 /* iosappTests.swift */,
				9BF106A21F6CAFBE001BDAD8 /* Info.plist */,
			);
			path = iosappTests;
			sourceTree = "<group>";
		};
		9BF106AA1F6CAFBE001BDAD8 /* iosappUITests */ = {
			isa = PBXGroup;
			children = (
				9BF106AB1F6CAFBE001BDAD8 /* iosappUITests.swift */,
				9BF106AD1F6CAFBE001BDAD8 /* Info.plist */,
			);
			path = iosappUITests;
			sourceTree = "<group>";
		};
/* End PBXGroup section */

/* Begin PBXNativeTarget section */
		9BF106871F6CAFBE001BDAD8 /* iosapp */ = {
			isa = PBXNativeTarget;
			buildConfigurationList = 9BF106B01F6CAFBF001BDAD8 /* Build configuration list for PBXNativeTarget "iosapp" */;
			buildPhases = (
				9BF106841F6CAFBE001BDAD8 /* Sources */,
				9BF106851F6CAFBE001BDAD8 /* Frameworks */,
				9BF106861F6CAFBE001BDAD8 /* Resources */,
			);
			buildRules = (
			);
			dependencies = (
			);
			name = iosapp;
			productName = iosapp;
			productReference = 9BF106881F6CAFBE001BDAD8 /* iosapp.app */;
			productType = "com.apple.product-type.application";
		};
		9BF1069B1F6CAFBE001BDAD8 /* iosappTests */ = {
			isa = PBXNativeTarget;
			buildConfigurationList = 9BF106B31F6CAFBF001BDAD8 /* Build configuration list for PBXNativeTarget "iosappTests" */;
			buildPhases = (
				9BF106981F6CAFBE001BDAD8 /* Sources */,
				9BF106991F6CAFBE001BDAD8 /* Frameworks */,
				9BF1069A1F6CAFBE001BDAD8 /* Resources */,
			);
			buildRules = (
			);
			dependencies = (
				9BF1069E1F6CAFBE001BDAD8 /* PBXTargetDependency */,
			);
			name = iosappTests;
			productName = iosappTests;
			productReference = 9BF1069C1F6CAFBE001BDAD8 /* iosappTests.xctest */;
			productType = "com.apple.product-type.bundle.unit-test";
		};
		9BF106A61F6CAFBE001BDAD8 /* iosappUITests */ = {
			isa = PBXNativeTarget;
			buildConfigurationList = 9BF106B61F6CAFBF001BDAD8 /* Build configuration list for PBXNativeTarget "iosappUITests" */;
			buildPhases = (
				9BF106A31F6CAFBE001BDAD8 /* Sources */,
				9BF106A41F6CAFBE001BDAD8 /* Frameworks */,
				9BF106A51F6CAFBE001BDAD8 /* Resources */,
			);
			buildRules = (
			);
			dependencies = (
				9BF106A91F6CAFBE001BDAD8 /* PBXTargetDependency */,
			);
			name = iosappUITests;
			productName = iosappUITests;
			productReference = 9BF106A71F6CAFBE001BDAD8 /* iosappUITests.xctest */;
			productType = "com.apple.product-type.bundle.ui-testing";
		};
/* End PBXNativeTarget section */

/* Begin PBXProject section */
		9BF106801F6CAFBE001BDAD8 /* Project object */ = {
			isa = PBXProject;
			attributes = {
				LastSwiftUpdateCheck = 0830;
				LastUpgradeCheck = 0830;
				ORGANIZATIONNAME = lee;
				TargetAttributes = {
					9BF106871F6CAFBE001BDAD8 = {
						CreatedOnToolsVersion = 8.3.3;
						ProvisioningStyle = Automatic;
					};
					9BF1069B1F6CAFBE001BDAD8 = {
						CreatedOnToolsVersion = 8.3.3;
						ProvisioningStyle = Automatic;
						TestTargetID = 9BF106871F6CAFBE001BDAD8;
					};
					9BF106A61F6CAFBE001BDAD8 = {
						CreatedOnToolsVersion = 8.3.3;
						ProvisioningStyle = Automatic;
						TestTargetID = 9BF106871F6CAFBE001BDAD8;
					};
				};
			};
			buildConfigurationList = 9BF106831F6CAFBE001BDAD8 /* Build configuration list for PBXProject "iosapp" */;
			compatibilityVersion = "Xcode 3.2";
			developmentRegion = English;
			hasScannedForEncodings = 0;
			knownRegions = (
				en,
				Base,
			);
			mainGroup = 9BF1067F1F6CAFBD001BDAD8;
			productRefGroup = 9BF106891F6CAFBE001BDAD8 /* Products */;
			projectDirPath = "";
			projectRoot = "";
			targets = (
				9BF106871F6CAFBE001BDAD8 /* iosapp */,
				9BF1069B1F6CAFBE001BDAD8 /* iosappTests */,
				9BF106A61F6CAFBE001BDAD8 /* iosappUITests */,
			);
		};
/* End PBXProject section */

/* Begin PBXResourcesBuildPhase section */
		9BF106861F6CAFBE001BDAD8 /* Resources */ = {
			isa = PBXResourcesBuildPhase;
			buildActionMask = 2147483647;
			files = (
				9BF106961F6CAFBE001BDAD8 /* LaunchScreen.storyboard in Resources */,
				9BF106931F6CAFBE001BDAD8 /* Assets.xcassets in Resources */,
				9BF106911F6CAFBE001BDAD8 /* Main.storyboard in Resources */,
			);
			runOnlyForDeploymentPostprocessing = 0;
		};
		9BF1069A1F6CAFBE001BDAD8 /* Resources */ = {
			isa = PBXResourcesBuildPhase;
			buildActionMask = 2147483647;
			files = (
			);
			runOnlyForDeploymentPostprocessing = 0;
		};
		9BF106A51F6CAFBE001BDAD8 /* Resources */ = {
			isa = PBXResourcesBuildPhase;
			buildActionMask = 2147483647;
			files = (
			);
			runOnlyForDeploymentPostprocessing = 0;
		};
/* End PBXResourcesBuildPhase section */

/* Begin PBXSourcesBuildPhase section */
		9BF106841F6CAFBE001BDAD8 /* Sources */ = {
			isa = PBXSourcesBuildPhase;
			buildActionMask = 2147483647;
			files = (
				9BF1068E1F6CAFBE001BDAD8 /* ViewController.swift in Sources */,
				9BF1068C1F6CAFBE001BDAD8 /* AppDelegate.swift in Sources */,
			);
			runOnlyForDeploymentPostprocessing = 0;
		};
		9BF106981F6CAFBE001BDAD8 /* Sources */ = {
			isa = PBXSourcesBuildPhase;
			buildActionMask = 2147483647;
			files = (
				9BF106A11F6CAFBE001BDAD8 /* iosappTests.swift in Sources */,
			);
			runOnlyForDeploymentPostprocessing = 0;
		};
		9BF106A31F6CAFBE001BDAD8 /* Sources */ = {
			isa = PBXSourcesBuildPhase;
			buildActionMask = 2147483647;
			files = (
				9BF106AC1F6CAFBE001BDAD8 /* iosappUITests.swift in Sources */,
			);
			runOnlyForDeploymentPostprocessing = 0;
		};
/* End PBXSourcesBuildPhase section */

/* Begin PBXTargetDependency section */
		9BF1069E1F6CAFBE001BDAD8 /* PBXTargetDependency */ = {
			isa = PBXTargetDependency;
			target = 9BF106871F6CAFBE001BDAD8 /* iosapp */;
			targetProxy = 9BF1069D1F6CAFBE001BDAD8 /* PBXContainerItemProxy */;
		};
		9BF106A91F6CAFBE001BDAD8 /* PBXTargetDependency */ = {
			isa = PBXTargetDependency;
			target = 9BF106871F6CAFBE001BDAD8 /* iosapp */;
			targetProxy = 9BF106A81F6CAFBE001BDAD8 /* PBXContainerItemProxy */;
		};
/* End PBXTargetDependency section */

/* Begin PBXVariantGroup section */
		9BF1068F1F6CAFBE001BDAD8 /* Main.storyboard */ = {
			isa = PBXVariantGroup;
			children = (
				9BF106901F6CAFBE001BDAD8 /* Base */,
			);
			name = Main.storyboard;
			sourceTree = "<group>";
		};
		9BF106941F6CAFBE001BDAD8 /* LaunchScreen.storyboard */ = {
			isa = PBXVariantGroup;
			children = (
				9BF106951F6CAFBE001BDAD8 /* Base */,
			);
			name = LaunchScreen.storyboard;
			sourceTree = "<group>";
		};
/* End PBXVariantGroup section */

/* Begin XCBuildConfiguration section */
		9BF106AE1F6CAFBE001BDAD8 /* Debug */ = {
			isa = XCBuildConfiguration;
			buildSettings = {
				ALWAYS_SEARCH_USER_PATHS = NO;
				CLANG_ANALYZER_NONNULL = YES;
				CLANG_ANALYZER_NUMBER_OBJECT_CONVERSION = YES_AGGRESSIVE;
				CLANG_CXX_LANGUAGE_STANDARD = "gnu++0x";
				CLANG_CXX_LIBRARY = "libc++";
				CLANG_ENABLE_MODULES = YES;
				CLANG_ENABLE_OBJC_ARC = YES;
				CLANG_WARN_BOOL_CONVERSION = YES;
				CLANG_WARN_CONSTANT_CONVERSION = YES;
				CLANG_WARN_DIRECT_OBJC_ISA_USAGE = YES_ERROR;
				CLANG_WARN_DOCUMENTATION_COMMENTS = YES;
				CLANG_WARN_EMPTY_BODY = YES;
				CLANG_WARN_ENUM_CONVERSION = YES;
				CLANG_WARN_INFINITE_RECURSION = YES;
				CLANG_WARN_INT_CONVERSION = YES;
				CLANG_WARN_OBJC_ROOT_CLASS = YES_ERROR;
				CLANG_WARN_SUSPICIOUS_MOVE = YES;
				CLANG_WARN_UNREACHABLE_CODE = YES;
				CLANG_WARN__DUPLICATE_METHOD_MATCH = YES;
				"CODE_SIGN_IDENTITY[sdk=iphoneos*]" = "iPhone Developer";
				COPY_PHASE_STRIP = NO;
				DEBUG_INFORMATION_FORMAT = dwarf;
				ENABLE_STRICT_OBJC_MSGSEND = YES;
				ENABLE_TESTABILITY = YES;
				GCC_C_LANGUAGE_STANDARD = gnu99;
				GCC_DYNAMIC_NO_PIC = NO;
				GCC_NO_COMMON_BLOCKS = YES;
				GCC_OPTIMIZATION_LEVEL = 0;
				GCC_PREPROCESSOR_DEFINITIONS = (
					"DEBUG=1",
					"$(inherited)",
				);
				GCC_WARN_64_TO_32_BIT_CONVERSION = YES;
				GCC_WARN_ABOUT_RETURN_TYPE = YES_ERROR;
				GCC_WARN_UNDECLARED_SELECTOR = YES;
				GCC_WARN_UNINITIALIZED_AUTOS = YES_AGGRESSIVE;
				GCC_WARN_UNUSED_FUNCTION = YES;
				GCC_WARN_UNUSED_VARIABLE = YES;
				IPHONEOS_DEPLOYMENT_TARGET = 10.3;
				MTL_ENABLE_DEBUG_INFO = YES;
				ONLY_ACTIVE_ARCH = YES;
				SDKROOT = iphoneos;
				SWIFT_ACTIVE_COMPILATION_CONDITIONS = DEBUG;
				SWIFT_OPTIMIZATION_LEVEL = "-Onone";
				TARGETED_DEVICE_FAMILY = "1,2";
			};
			name = Debug;
		};
		9BF106AF1F6CAFBE001BDAD8 /* Release */ = {
			isa = XCBuildConfiguration;
			buildSettings = {
				ALWAYS_SEARCH_USER_PATHS = NO;
				CLANG_ANALYZER_NONNULL = YES;
				CLANG_ANALYZER_NUMBER_OBJECT_CONVERSION = YES_AGGRESSIVE;
				CLANG_CXX_LANGUAGE_STANDARD = "gnu++0x";
				CLANG_CXX_LIBRARY = "libc++";
				CLANG_ENABLE_MODULES = YES;
				CLANG_ENABLE_OBJC_ARC = YES;
				CLANG_WARN_BOOL_CONVERSION = YES;
				CLANG_WARN_CONSTANT_CONVERSION = YES;
				CLANG_WARN_DIRECT_OBJC_ISA_USAGE = YES_ERROR;
				CLANG_WARN_DOCUMENTATION_COMMENTS = YES;
				CLANG_WARN_EMPTY_BODY = YES;
				CLANG_WARN_ENUM_CONVERSION = YES;
				CLANG_WARN_INFINITE_RECURSION = YES;
				CLANG_WARN_INT_CONVERSION = YES;
				CLANG_WARN_OBJC_ROOT_CLASS = YES_ERROR;
				CLANG_WARN_SUSPICIOUS_MOVE = YES;
				CLANG_WARN_UNREACHABLE_CODE = YES;
				CLANG_WARN__DUPLICATE_METHOD_MATCH = YES;
				"CODE_SIGN_IDENTITY[sdk=iphoneos*]" = "iPhone Developer";
				COPY_PHASE_STRIP = NO;
				DEBUG_INFORMATION_FORMAT = "dwarf-with-dsym";
				ENABLE_NS_ASSERTIONS = NO;
				ENABLE_STRICT_OBJC_MSGSEND = YES;
				GCC_C_LANGUAGE_STANDARD = gnu99;
				GCC_NO_COMMON_BLOCKS = YES;
				GCC_WARN_64_TO_32_BIT_CONVERSION = YES;
				GCC_WARN_ABOUT_RETURN_TYPE = YES_ERROR;
				GCC_WARN_UNDECLARED_SELECTOR = YES;
				GCC_WARN_UNINITIALIZED_AUTOS = YES_AGGRESSIVE;
				GCC_WARN_UNUSED_FUNCTION = YES;
				GCC_WARN_UNUSED_VARIABLE = YES;
				IPHONEOS_DEPLOYMENT_TARGET = 10.3;
				MTL_ENABLE_DEBUG_INFO = NO;
				SDKROOT = iphoneos;
				SWIFT_OPTIMIZATION_LEVEL = "-Owholemodule";
				TARGETED_DEVICE_FAMILY = "1,2";
				VALIDATE_PRODUCT = YES;
			};
			name = Release;
		};
		9BF106B11F6CAFBF001BDAD8 /* Debug */ = {
			isa = XCBuildConfiguration;
			buildSettings = {
				ASSETCATALOG_COMPILER_APPICON_NAME = AppIcon;
				INFOPLIST_FILE = iosapp/Info.plist;
				LD_RUNPATH_SEARCH_PATHS = "$(inherited) @executable_path/Frameworks";
				PRODUCT_BUNDLE_IDENTIFIER = maketext.iosapp;
				PRODUCT_NAME = "$(TARGET_NAME)";
				SWIFT_VERSION = 3.0;
			};
			name = Debug;
		};
		9BF106B21F6CAFBF001BDAD8 /* Release */ = {
			isa = XCBuildConfiguration;
			buildSettings = {
				ASSETCATALOG_COMPILER_APPICON_NAME = AppIcon;
				INFOPLIST_FILE = iosapp/Info.plist;
				LD_RUNPATH_SEARCH_PATHS = "$(inherited) @executable_path/Frameworks";
				PRODUCT_BUNDLE_IDENTIFIER = maketext.iosapp;
				PRODUCT_NAME = "$(TARGET_NAME)";
				SWIFT_VERSION = 3.0;
			};
			name = Release;
		};
		9BF106B41F6CAFBF001BDAD8 /* Debug */ = {
			isa = XCBuildConfiguration;
			buildSettings = {
				ALWAYS_EMBED_SWIFT_STANDARD_LIBRARIES = YES;
				BUNDLE_LOADER = "$(TEST_HOST)";
				INFOPLIST_FILE = iosappTests/Info.plist;
				LD_RUNPATH_SEARCH_PATHS = "$(inherited) @executable_path/Frameworks @loader_path/Frameworks";
				PRODUCT_BUNDLE_IDENTIFIER = maketext.iosappTests;
				PRODUCT_NAME = "$(TARGET_NAME)";
				SWIFT_VERSION = 3.0;
				TEST_HOST = "$(BUILT_PRODUCTS_DIR)/iosapp.app/iosapp";
			};
			name = Debug;
		};
		9BF106B51F6CAFBF001BDAD8 /* Release */ = {
			isa = XCBuildConfiguration;
			buildSettings = {
				ALWAYS_EMBED_SWIFT_STANDARD_LIBRARIES = YES;
				BUNDLE_LOADER = "$(TEST_HOST)";
				INFOPLIST_FILE = iosappTests/Info.plist;
				LD_RUNPATH_SEARCH_PATHS = "$(inherited) @executable_path/Frameworks @loader_path/Frameworks";
				PRODUCT_BUNDLE_IDENTIFIER = maketext.iosappTests;
				PRODUCT_NAME = "$(TARGET_NAME)";
				SWIFT_VERSION = 3.0;
				TEST_HOST = "$(BUILT_PRODUCTS_DIR)/iosapp.app/iosapp";
			};
			name = Release;
		};
		9BF106B71F6CAFBF001BDAD8 /* Debug */ = {
			isa = XCBuildConfiguration;
			buildSettings = {
				ALWAYS_EMBED_SWIFT_STANDARD_LIBRARIES = YES;
				INFOPLIST_FILE = iosappUITests/Info.plist;
				LD_RUNPATH_SEARCH_PATHS = "$(inherited) @executable_path/Frameworks @loader_path/Frameworks";
				PRODUCT_BUNDLE_IDENTIFIER = maketext.iosappUITests;
				PRODUCT_NAME = "$(TARGET_NAME)";
				SWIFT_VERSION = 3.0;
				TEST_TARGET_NAME = iosapp;
			};
			name = Debug;
		};
		9BF106B81F6CAFBF001BDAD8 /* Release */ = {
			isa = XCBuildConfiguration;
			buildSettings = {
				ALWAYS_EMBED_SWIFT_STANDARD_LIBRARIES = YES;
				INFOPLIST_FILE = iosappUITests/Info.plist;
				LD_RUNPATH_SEARCH_PATHS = "$(inherited) @executable_path/Frameworks @loader_path/Frameworks";
				PRODUCT_BUNDLE_IDENTIFIER = maketext.iosappUITests;
				PRODUCT_NAME = "$(TARGET_NAME)";
				SWIFT_VERSION = 3.0;
				TEST_TARGET_NAME = iosapp;
			};
			name = Release;
		};
/* End XCBuildConfiguration section */

/* Begin XCConfigurationList section */
		9BF106831F6CAFBE001BDAD8 /* Build configuration list for PBXProject "iosapp" */ = {
			isa = XCConfigurationList;
			buildConfigurations = (
				9BF106AE1F6CAFBE001BDAD8 /* Debug */,
				9BF106AF1F6CAFBE001BDAD8 /* Release */,
			);
			defaultConfigurationIsVisible = 0;
			defaultConfigurationName = Release;
		};
		9BF106B01F6CAFBF001BDAD8 /* Build configuration list for PBXNativeTarget "iosapp" */ = {
			isa = XCConfigurationList;
			buildConfigurations = (
				9BF106B11F6CAFBF001BDAD8 /* Debug */,
				9BF106B21F6CAFBF001BDAD8 /* Release */,
			);
			defaultConfigurationIsVisible = 0;
		};
		9BF106B31F6CAFBF001BDAD8 /* Build configuration list for PBXNativeTarget "iosappTests" */ = {
			isa = XCConfigurationList;
			buildConfigurations = (
				9BF106B41F6CAFBF001BDAD8 /* Debug */,
				9BF106B51F6CAFBF001BDAD8 /* Release */,
			);
			defaultConfigurationIsVisible = 0;
		};
		9BF106B61F6CAFBF001BDAD8 /* Build configuration list for PBXNativeTarget "iosappUITests" */ = {
			isa = XCConfigurationList;
			buildConfigurations = (
				9BF106B71F6CAFBF001BDAD8 /* Debug */,
				9BF106B81F6CAFBF001BDAD8 /* Release */,
			);
			defaultConfigurationIsVisible = 0;
		};
/* End XCConfigurationList section */
	};
	rootObject = 9BF106801F6CAFBE001BDAD8 /* Project object */;
}
