// !$*UTF8*$!
{
	archiveVersion = 1;
	classes = {
	};
	objectVersion = 46;
	objects = {

/* Begin PBXBuildFile section */
		9BF106CA1F6CD283001BDAD8 /* AppDelegate.swift in Sources */ = {isa = PBXBuildFile; fileRef = 9BF106C91F6CD283001BDAD8 /* AppDelegate.swift */; };
		9BF106CC1F6CD283001BDAD8 /* ViewController.swift in Sources */ = {isa = PBXBuildFile; fileRef = 9BF106CB1F6CD283001BDAD8 /* ViewController.swift */; };
		9BF106CF1F6CD283001BDAD8 /* Main.storyboard in Resources */ = {isa = PBXBuildFile; fileRef = 9BF106CD1F6CD283001BDAD8 /* Main.storyboard */; };
		9BF106D11F6CD283001BDAD8 /* Assets.xcassets in Resources */ = {isa = PBXBuildFile; fileRef = 9BF106D01F6CD283001BDAD8 /* Assets.xcassets */; };
		9BF106D41F6CD283001BDAD8 /* LaunchScreen.storyboard in Resources */ = {isa = PBXBuildFile; fileRef = 9BF106D21F6CD283001BDAD8 /* LaunchScreen.storyboard */; };
		9BF106DF1F6CD283001BDAD8 /* xxxTests.swift in Sources */ = {isa = PBXBuildFile; fileRef = 9BF106DE1F6CD283001BDAD8 /* xxxTests.swift */; };
		9BF106EA1F6CD283001BDAD8 /* xxxUITests.swift in Sources */ = {isa = PBXBuildFile; fileRef = 9BF106E91F6CD283001BDAD8 /* xxxUITests.swift */; };
/* End PBXBuildFile section */

/* Begin PBXContainerItemProxy section */
		9BF106DB1F6CD283001BDAD8 /* PBXContainerItemProxy */ = {
			isa = PBXContainerItemProxy;
			containerPortal = 9BF106BE1F6CD283001BDAD8 /* Project object */;
			proxyType = 1;
			remoteGlobalIDString = 9BF106C51F6CD283001BDAD8;
			remoteInfo = xxx;
		};
		9BF106E61F6CD283001BDAD8 /* PBXContainerItemProxy */ = {
			isa = PBXContainerItemProxy;
			containerPortal = 9BF106BE1F6CD283001BDAD8 /* Project object */;
			proxyType = 1;
			remoteGlobalIDString = 9BF106C51F6CD283001BDAD8;
			remoteInfo = xxx;
		};
/* End PBXContainerItemProxy section */

/* Begin PBXFileReference section */
		9BF106C61F6CD283001BDAD8 /* xxx.app */ = {isa = PBXFileReference; explicitFileType = wrapper.application; includeInIndex = 0; path = xxx.app; sourceTree = BUILT_PRODUCTS_DIR; };
		9BF106C91F6CD283001BDAD8 /* AppDelegate.swift */ = {isa = PBXFileReference; lastKnownFileType = sourcecode.swift; path = AppDelegate.swift; sourceTree = "<group>"; };
		9BF106CB1F6CD283001BDAD8 /* ViewController.swift */ = {isa = PBXFileReference; lastKnownFileType = sourcecode.swift; path = ViewController.swift; sourceTree = "<group>"; };
		9BF106CE1F6CD283001BDAD8 /* Base */ = {isa = PBXFileReference; lastKnownFileType = file.storyboard; name = Base; path = Base.lproj/Main.storyboard; sourceTree = "<group>"; };
		9BF106D01F6CD283001BDAD8 /* Assets.xcassets */ = {isa = PBXFileReference; lastKnownFileType = folder.assetcatalog; path = Assets.xcassets; sourceTree = "<group>"; };
		9BF106D31F6CD283001BDAD8 /* Base */ = {isa = PBXFileReference; lastKnownFileType = file.storyboard; name = Base; path = Base.lproj/LaunchScreen.storyboard; sourceTree = "<group>"; };
		9BF106D51F6CD283001BDAD8 /* Info.plist */ = {isa = PBXFileReference; lastKnownFileType = text.plist.xml; path = Info.plist; sourceTree = "<group>"; };
		9BF106DA1F6CD283001BDAD8 /* xxxTests.xctest */ = {isa = PBXFileReference; explicitFileType = wrapper.cfbundle; includeInIndex = 0; path = xxxTests.xctest; sourceTree = BUILT_PRODUCTS_DIR; };
		9BF106DE1F6CD283001BDAD8 /* xxxTests.swift */ = {isa = PBXFileReference; lastKnownFileType = sourcecode.swift; path = xxxTests.swift; sourceTree = "<group>"; };
		9BF106E01F6CD283001BDAD8 /* Info.plist */ = {isa = PBXFileReference; lastKnownFileType = text.plist.xml; path = Info.plist; sourceTree = "<group>"; };
		9BF106E51F6CD283001BDAD8 /* xxxUITests.xctest */ = {isa = PBXFileReference; explicitFileType = wrapper.cfbundle; includeInIndex = 0; path = xxxUITests.xctest; sourceTree = BUILT_PRODUCTS_DIR; };
		9BF106E91F6CD283001BDAD8 /* xxxUITests.swift */ = {isa = PBXFileReference; lastKnownFileType = sourcecode.swift; path = xxxUITests.swift; sourceTree = "<group>"; };
		9BF106EB1F6CD283001BDAD8 /* Info.plist */ = {isa = PBXFileReference; lastKnownFileType = text.plist.xml; path = Info.plist; sourceTree = "<group>"; };
/* End PBXFileReference section */

/* Begin PBXFrameworksBuildPhase section */
		9BF106C31F6CD283001BDAD8 /* Frameworks */ = {
			isa = PBXFrameworksBuildPhase;
			buildActionMask = 2147483647;
			files = (
			);
			runOnlyForDeploymentPostprocessing = 0;
		};
		9BF106D71F6CD283001BDAD8 /* Frameworks */ = {
			isa = PBXFrameworksBuildPhase;
			buildActionMask = 2147483647;
			files = (
			);
			runOnlyForDeploymentPostprocessing = 0;
		};
		9BF106E21F6CD283001BDAD8 /* Frameworks */ = {
			isa = PBXFrameworksBuildPhase;
			buildActionMask = 2147483647;
			files = (
			);
			runOnlyForDeploymentPostprocessing = 0;
		};
/* End PBXFrameworksBuildPhase section */

/* Begin PBXGroup section */
		9BF106BD1F6CD283001BDAD8 = {
			isa = PBXGroup;
			children = (
				9BF106C81F6CD283001BDAD8 /* xxx */,
				9BF106DD1F6CD283001BDAD8 /* xxxTests */,
				9BF106E81F6CD283001BDAD8 /* xxxUITests */,
				9BF106C71F6CD283001BDAD8 /* Products */,
			);
			sourceTree = "<group>";
		};
		9BF106C71F6CD283001BDAD8 /* Products */ = {
			isa = PBXGroup;
			children = (
				9BF106C61F6CD283001BDAD8 /* xxx.app */,
				9BF106DA1F6CD283001BDAD8 /* xxxTests.xctest */,
				9BF106E51F6CD283001BDAD8 /* xxxUITests.xctest */,
			);
			name = Products;
			sourceTree = "<group>";
		};
		9BF106C81F6CD283001BDAD8 /* xxx */ = {
			isa = PBXGroup;
			children = (
				9BF106C91F6CD283001BDAD8 /* AppDelegate.swift */,
				9BF106CB1F6CD283001BDAD8 /* ViewController.swift */,
				9BF106CD1F6CD283001BDAD8 /* Main.storyboard */,
				9BF106D01F6CD283001BDAD8 /* Assets.xcassets */,
				9BF106D21F6CD283001BDAD8 /* LaunchScreen.storyboard */,
				9BF106D51F6CD283001BDAD8 /* Info.plist */,
			);
			path = xxx;
			sourceTree = "<group>";
		};
		9BF106DD1F6CD283001BDAD8 /* xxxTests */ = {
			isa = PBXGroup;
			children = (
				9BF106DE1F6CD283001BDAD8 /* xxxTests.swift */,
				9BF106E01F6CD283001BDAD8 /* Info.plist */,
			);
			path = xxxTests;
			sourceTree = "<group>";
		};
		9BF106E81F6CD283001BDAD8 /* xxxUITests */ = {
			isa = PBXGroup;
			children = (
				9BF106E91F6CD283001BDAD8 /* xxxUITests.swift */,
				9BF106EB1F6CD283001BDAD8 /* Info.plist */,
			);
			path = xxxUITests;
			sourceTree = "<group>";
		};
/* End PBXGroup section */

/* Begin PBXNativeTarget section */
		9BF106C51F6CD283001BDAD8 /* xxx */ = {
			isa = PBXNativeTarget;
			buildConfigurationList = 9BF106EE1F6CD283001BDAD8 /* Build configuration list for PBXNativeTarget "xxx" */;
			buildPhases = (
				9BF106C21F6CD283001BDAD8 /* Sources */,
				9BF106C31F6CD283001BDAD8 /* Frameworks */,
				9BF106C41F6CD283001BDAD8 /* Resources */,
			);
			buildRules = (
			);
			dependencies = (
			);
			name = xxx;
			productName = xxx;
			productReference = 9BF106C61F6CD283001BDAD8 /* xxx.app */;
			productType = "com.apple.product-type.application";
		};
		9BF106D91F6CD283001BDAD8 /* xxxTests */ = {
			isa = PBXNativeTarget;
			buildConfigurationList = 9BF106F11F6CD283001BDAD8 /* Build configuration list for PBXNativeTarget "xxxTests" */;
			buildPhases = (
				9BF106D61F6CD283001BDAD8 /* Sources */,
				9BF106D71F6CD283001BDAD8 /* Frameworks */,
				9BF106D81F6CD283001BDAD8 /* Resources */,
			);
			buildRules = (
			);
			dependencies = (
				9BF106DC1F6CD283001BDAD8 /* PBXTargetDependency */,
			);
			name = xxxTests;
			productName = xxxTests;
			productReference = 9BF106DA1F6CD283001BDAD8 /* xxxTests.xctest */;
			productType = "com.apple.product-type.bundle.unit-test";
		};
		9BF106E41F6CD283001BDAD8 /* xxxUITests */ = {
			isa = PBXNativeTarget;
			buildConfigurationList = 9BF106F41F6CD283001BDAD8 /* Build configuration list for PBXNativeTarget "xxxUITests" */;
			buildPhases = (
				9BF106E11F6CD283001BDAD8 /* Sources */,
				9BF106E21F6CD283001BDAD8 /* Frameworks */,
				9BF106E31F6CD283001BDAD8 /* Resources */,
			);
			buildRules = (
			);
			dependencies = (
				9BF106E71F6CD283001BDAD8 /* PBXTargetDependency */,
			);
			name = xxxUITests;
			productName = xxxUITests;
			productReference = 9BF106E51F6CD283001BDAD8 /* xxxUITests.xctest */;
			productType = "com.apple.product-type.bundle.ui-testing";
		};
/* End PBXNativeTarget section */

/* Begin PBXProject section */
		9BF106BE1F6CD283001BDAD8 /* Project object */ = {
			isa = PBXProject;
			attributes = {
				LastSwiftUpdateCheck = 0830;
				LastUpgradeCheck = 0830;
				ORGANIZATIONNAME = lee;
				TargetAttributes = {
					9BF106C51F6CD283001BDAD8 = {
						CreatedOnToolsVersion = 8.3.3;
						ProvisioningStyle = Automatic;
					};
					9BF106D91F6CD283001BDAD8 = {
						CreatedOnToolsVersion = 8.3.3;
						ProvisioningStyle = Automatic;
						TestTargetID = 9BF106C51F6CD283001BDAD8;
					};
					9BF106E41F6CD283001BDAD8 = {
						CreatedOnToolsVersion = 8.3.3;
						ProvisioningStyle = Automatic;
						TestTargetID = 9BF106C51F6CD283001BDAD8;
					};
				};
			};
			buildConfigurationList = 9BF106C11F6CD283001BDAD8 /* Build configuration list for PBXProject "xxx" */;
			compatibilityVersion = "Xcode 3.2";
			developmentRegion = English;
			hasScannedForEncodings = 0;
			knownRegions = (
				en,
				Base,
			);
			mainGroup = 9BF106BD1F6CD283001BDAD8;
			productRefGroup = 9BF106C71F6CD283001BDAD8 /* Products */;
			projectDirPath = "";
			projectRoot = "";
			targets = (
				9BF106C51F6CD283001BDAD8 /* xxx */,
				9BF106D91F6CD283001BDAD8 /* xxxTests */,
				9BF106E41F6CD283001BDAD8 /* xxxUITests */,
			);
		};
/* End PBXProject section */

/* Begin PBXResourcesBuildPhase section */
		9BF106C41F6CD283001BDAD8 /* Resources */ = {
			isa = PBXResourcesBuildPhase;
			buildActionMask = 2147483647;
			files = (
				9BF106D41F6CD283001BDAD8 /* LaunchScreen.storyboard in Resources */,
				9BF106D11F6CD283001BDAD8 /* Assets.xcassets in Resources */,
				9BF106CF1F6CD283001BDAD8 /* Main.storyboard in Resources */,
			);
			runOnlyForDeploymentPostprocessing = 0;
		};
		9BF106D81F6CD283001BDAD8 /* Resources */ = {
			isa = PBXResourcesBuildPhase;
			buildActionMask = 2147483647;
			files = (
			);
			runOnlyForDeploymentPostprocessing = 0;
		};
		9BF106E31F6CD283001BDAD8 /* Resources */ = {
			isa = PBXResourcesBuildPhase;
			buildActionMask = 2147483647;
			files = (
			);
			runOnlyForDeploymentPostprocessing = 0;
		};
/* End PBXResourcesBuildPhase section */

/* Begin PBXSourcesBuildPhase section */
		9BF106C21F6CD283001BDAD8 /* Sources */ = {
			isa = PBXSourcesBuildPhase;
			buildActionMask = 2147483647;
			files = (
				9BF106CC1F6CD283001BDAD8 /* ViewController.swift in Sources */,
				9BF106CA1F6CD283001BDAD8 /* AppDelegate.swift in Sources */,
			);
			runOnlyForDeploymentPostprocessing = 0;
		};
		9BF106D61F6CD283001BDAD8 /* Sources */ = {
			isa = PBXSourcesBuildPhase;
			buildActionMask = 2147483647;
			files = (
				9BF106DF1F6CD283001BDAD8 /* xxxTests.swift in Sources */,
			);
			runOnlyForDeploymentPostprocessing = 0;
		};
		9BF106E11F6CD283001BDAD8 /* Sources */ = {
			isa = PBXSourcesBuildPhase;
			buildActionMask = 2147483647;
			files = (
				9BF106EA1F6CD283001BDAD8 /* xxxUITests.swift in Sources */,
			);
			runOnlyForDeploymentPostprocessing = 0;
		};
/* End PBXSourcesBuildPhase section */

/* Begin PBXTargetDependency section */
		9BF106DC1F6CD283001BDAD8 /* PBXTargetDependency */ = {
			isa = PBXTargetDependency;
			target = 9BF106C51F6CD283001BDAD8 /* xxx */;
			targetProxy = 9BF106DB1F6CD283001BDAD8 /* PBXContainerItemProxy */;
		};
		9BF106E71F6CD283001BDAD8 /* PBXTargetDependency */ = {
			isa = PBXTargetDependency;
			target = 9BF106C51F6CD283001BDAD8 /* xxx */;
			targetProxy = 9BF106E61F6CD283001BDAD8 /* PBXContainerItemProxy */;
		};
/* End PBXTargetDependency section */

/* Begin PBXVariantGroup section */
		9BF106CD1F6CD283001BDAD8 /* Main.storyboard */ = {
			isa = PBXVariantGroup;
			children = (
				9BF106CE1F6CD283001BDAD8 /* Base */,
			);
			name = Main.storyboard;
			sourceTree = "<group>";
		};
		9BF106D21F6CD283001BDAD8 /* LaunchScreen.storyboard */ = {
			isa = PBXVariantGroup;
			children = (
				9BF106D31F6CD283001BDAD8 /* Base */,
			);
			name = LaunchScreen.storyboard;
			sourceTree = "<group>";
		};
/* End PBXVariantGroup section */

/* Begin XCBuildConfiguration section */
		9BF106EC1F6CD283001BDAD8 /* Debug */ = {
			isa = XCBuildConfiguration;
			buildSettings = {
				ALWAYS_SEARCH_USER_PATHS = NO;
				CLANG_ANALYZER_NONNULL = YES;
				CLANG_ANALYZER_NUMBER_OBJECT_CONVERSION = YES_AGGRESSIVE;
				CLANG_CXX_LANGUAGE_STANDARD = "gnu++0x";
				CLANG_CXX_LIBRARY = "libc++";
				CLANG_ENABLE_MODULES = YES;
				CLANG_ENABLE_OBJC_ARC = YES;
				CLANG_WARN_BOOL_CONVERSION = YES;
				CLANG_WARN_CONSTANT_CONVERSION = YES;
				CLANG_WARN_DIRECT_OBJC_ISA_USAGE = YES_ERROR;
				CLANG_WARN_DOCUMENTATION_COMMENTS = YES;
				CLANG_WARN_EMPTY_BODY = YES;
				CLANG_WARN_ENUM_CONVERSION = YES;
				CLANG_WARN_INFINITE_RECURSION = YES;
				CLANG_WARN_INT_CONVERSION = YES;
				CLANG_WARN_OBJC_ROOT_CLASS = YES_ERROR;
				CLANG_WARN_SUSPICIOUS_MOVE = YES;
				CLANG_WARN_UNREACHABLE_CODE = YES;
				CLANG_WARN__DUPLICATE_METHOD_MATCH = YES;
				"CODE_SIGN_IDENTITY[sdk=iphoneos*]" = "iPhone Developer";
				COPY_PHASE_STRIP = NO;
				DEBUG_INFORMATION_FORMAT = dwarf;
				ENABLE_STRICT_OBJC_MSGSEND = YES;
				ENABLE_TESTABILITY = YES;
				GCC_C_LANGUAGE_STANDARD = gnu99;
				GCC_DYNAMIC_NO_PIC = NO;
				GCC_NO_COMMON_BLOCKS = YES;
				GCC_OPTIMIZATION_LEVEL = 0;
				GCC_PREPROCESSOR_DEFINITIONS = (
					"DEBUG=1",
					"$(inherited)",
				);
				GCC_WARN_64_TO_32_BIT_CONVERSION = YES;
				GCC_WARN_ABOUT_RETURN_TYPE = YES_ERROR;
				GCC_WARN_UNDECLARED_SELECTOR = YES;
				GCC_WARN_UNINITIALIZED_AUTOS = YES_AGGRESSIVE;
				GCC_WARN_UNUSED_FUNCTION = YES;
				GCC_WARN_UNUSED_VARIABLE = YES;
				IPHONEOS_DEPLOYMENT_TARGET = 10.3;
				MTL_ENABLE_DEBUG_INFO = YES;
				ONLY_ACTIVE_ARCH = YES;
				SDKROOT = iphoneos;
				SWIFT_ACTIVE_COMPILATION_CONDITIONS = DEBUG;
				SWIFT_OPTIMIZATION_LEVEL = "-Onone";
				TARGETED_DEVICE_FAMILY = "1,2";
			};
			name = Debug;
		};
		9BF106ED1F6CD283001BDAD8 /* Release */ = {
			isa = XCBuildConfiguration;
			buildSettings = {
				ALWAYS_SEARCH_USER_PATHS = NO;
				CLANG_ANALYZER_NONNULL = YES;
				CLANG_ANALYZER_NUMBER_OBJECT_CONVERSION = YES_AGGRESSIVE;
				CLANG_CXX_LANGUAGE_STANDARD = "gnu++0x";
				CLANG_CXX_LIBRARY = "libc++";
				CLANG_ENABLE_MODULES = YES;
				CLANG_ENABLE_OBJC_ARC = YES;
				CLANG_WARN_BOOL_CONVERSION = YES;
				CLANG_WARN_CONSTANT_CONVERSION = YES;
				CLANG_WARN_DIRECT_OBJC_ISA_USAGE = YES_ERROR;
				CLANG_WARN_DOCUMENTATION_COMMENTS = YES;
				CLANG_WARN_EMPTY_BODY = YES;
				CLANG_WARN_ENUM_CONVERSION = YES;
				CLANG_WARN_INFINITE_RECURSION = YES;
				CLANG_WARN_INT_CONVERSION = YES;
				CLANG_WARN_OBJC_ROOT_CLASS = YES_ERROR;
				CLANG_WARN_SUSPICIOUS_MOVE = YES;
				CLANG_WARN_UNREACHABLE_CODE = YES;
				CLANG_WARN__DUPLICATE_METHOD_MATCH = YES;
				"CODE_SIGN_IDENTITY[sdk=iphoneos*]" = "iPhone Developer";
				COPY_PHASE_STRIP = NO;
				DEBUG_INFORMATION_FORMAT = "dwarf-with-dsym";
				ENABLE_NS_ASSERTIONS = NO;
				ENABLE_STRICT_OBJC_MSGSEND = YES;
				GCC_C_LANGUAGE_STANDARD = gnu99;
				GCC_NO_COMMON_BLOCKS = YES;
				GCC_WARN_64_TO_32_BIT_CONVERSION = YES;
				GCC_WARN_ABOUT_RETURN_TYPE = YES_ERROR;
				GCC_WARN_UNDECLARED_SELECTOR = YES;
				GCC_WARN_UNINITIALIZED_AUTOS = YES_AGGRESSIVE;
				GCC_WARN_UNUSED_FUNCTION = YES;
				GCC_WARN_UNUSED_VARIABLE = YES;
				IPHONEOS_DEPLOYMENT_TARGET = 10.3;
				MTL_ENABLE_DEBUG_INFO = NO;
				SDKROOT = iphoneos;
				SWIFT_OPTIMIZATION_LEVEL = "-Owholemodule";
				TARGETED_DEVICE_FAMILY = "1,2";
				VALIDATE_PRODUCT = YES;
			};
			name = Release;
		};
		9BF106EF1F6CD283001BDAD8 /* Debug */ = {
			isa = XCBuildConfiguration;
			buildSettings = {
				ASSETCATALOG_COMPILER_APPICON_NAME = AppIcon;
				INFOPLIST_FILE = xxx/Info.plist;
				LD_RUNPATH_SEARCH_PATHS = "$(inherited) @executable_path/Frameworks";
				PRODUCT_BUNDLE_IDENTIFIER = maketext.xxx;
				PRODUCT_NAME = "$(TARGET_NAME)";
				SWIFT_VERSION = 3.0;
			};
			name = Debug;
		};
		9BF106F01F6CD283001BDAD8 /* Release */ = {
			isa = XCBuildConfiguration;
			buildSettings = {
				ASSETCATALOG_COMPILER_APPICON_NAME = AppIcon;
				INFOPLIST_FILE = xxx/Info.plist;
				LD_RUNPATH_SEARCH_PATHS = "$(inherited) @executable_path/Frameworks";
				PRODUCT_BUNDLE_IDENTIFIER = maketext.xxx;
				PRODUCT_NAME = "$(TARGET_NAME)";
				SWIFT_VERSION = 3.0;
			};
			name = Release;
		};
		9BF106F21F6CD283001BDAD8 /* Debug */ = {
			isa = XCBuildConfiguration;
			buildSettings = {
				ALWAYS_EMBED_SWIFT_STANDARD_LIBRARIES = YES;
				BUNDLE_LOADER = "$(TEST_HOST)";
				INFOPLIST_FILE = xxxTests/Info.plist;
				LD_RUNPATH_SEARCH_PATHS = "$(inherited) @executable_path/Frameworks @loader_path/Frameworks";
				PRODUCT_BUNDLE_IDENTIFIER = maketext.xxxTests;
				PRODUCT_NAME = "$(TARGET_NAME)";
				SWIFT_VERSION = 3.0;
				TEST_HOST = "$(BUILT_PRODUCTS_DIR)/xxx.app/xxx";
			};
			name = Debug;
		};
		9BF106F31F6CD283001BDAD8 /* Release */ = {
			isa = XCBuildConfiguration;
			buildSettings = {
				ALWAYS_EMBED_SWIFT_STANDARD_LIBRARIES = YES;
				BUNDLE_LOADER = "$(TEST_HOST)";
				INFOPLIST_FILE = xxxTests/Info.plist;
				LD_RUNPATH_SEARCH_PATHS = "$(inherited) @executable_path/Frameworks @loader_path/Frameworks";
				PRODUCT_BUNDLE_IDENTIFIER = maketext.xxxTests;
				PRODUCT_NAME = "$(TARGET_NAME)";
				SWIFT_VERSION = 3.0;
				TEST_HOST = "$(BUILT_PRODUCTS_DIR)/xxx.app/xxx";
			};
			name = Release;
		};
		9BF106F51F6CD283001BDAD8 /* Debug */ = {
			isa = XCBuildConfiguration;
			buildSettings = {
				ALWAYS_EMBED_SWIFT_STANDARD_LIBRARIES = YES;
				INFOPLIST_FILE = xxxUITests/Info.plist;
				LD_RUNPATH_SEARCH_PATHS = "$(inherited) @executable_path/Frameworks @loader_path/Frameworks";
				PRODUCT_BUNDLE_IDENTIFIER = maketext.xxxUITests;
				PRODUCT_NAME = "$(TARGET_NAME)";
				SWIFT_VERSION = 3.0;
				TEST_TARGET_NAME = xxx;
			};
			name = Debug;
		};
		9BF106F61F6CD283001BDAD8 /* Release */ = {
			isa = XCBuildConfiguration;
			buildSettings = {
				ALWAYS_EMBED_SWIFT_STANDARD_LIBRARIES = YES;
				INFOPLIST_FILE = xxxUITests/Info.plist;
				LD_RUNPATH_SEARCH_PATHS = "$(inherited) @executable_path/Frameworks @loader_path/Frameworks";
				PRODUCT_BUNDLE_IDENTIFIER = maketext.xxxUITests;
				PRODUCT_NAME = "$(TARGET_NAME)";
				SWIFT_VERSION = 3.0;
				TEST_TARGET_NAME = xxx;
			};
			name = Release;
		};
/* End XCBuildConfiguration section */

/* Begin XCConfigurationList section */
		9BF106C11F6CD283001BDAD8 /* Build configuration list for PBXProject "xxx" */ = {
			isa = XCConfigurationList;
			buildConfigurations = (
				9BF106EC1F6CD283001BDAD8 /* Debug */,
				9BF106ED1F6CD283001BDAD8 /* Release */,
			);
			defaultConfigurationIsVisible = 0;
			defaultConfigurationName = Release;
		};
		9BF106EE1F6CD283001BDAD8 /* Build configuration list for PBXNativeTarget "xxx" */ = {
			isa = XCConfigurationList;
			buildConfigurations = (
				9BF106EF1F6CD283001BDAD8 /* Debug */,
				9BF106F01F6CD283001BDAD8 /* Release */,
			);
			defaultConfigurationIsVisible = 0;
		};
		9BF106F11F6CD283001BDAD8 /* Build configuration list for PBXNativeTarget "xxxTests" */ = {
			isa = XCConfigurationList;
			buildConfigurations = (
				9BF106F21F6CD283001BDAD8 /* Debug */,
				9BF106F31F6CD283001BDAD8 /* Release */,
			);
			defaultConfigurationIsVisible = 0;
		};
		9BF106F41F6CD283001BDAD8 /* Build configuration list for PBXNativeTarget "xxxUITests" */ = {
			isa = XCConfigurationList;
			buildConfigurations = (
				9BF106F51F6CD283001BDAD8 /* Debug */,
				9BF106F61F6CD283001BDAD8 /* Release */,
			);
			defaultConfigurationIsVisible = 0;
		};
/* End XCConfigurationList section */
	};
	rootObject = 9BF106BE1F6CD283001BDAD8 /* Project object */;
}
